{
  "nodes": {
    "nixCats": {
      "locked": {
        "lastModified": 1745023722,
        "narHash": "sha256-r5jrb2ud2PtWO76wi083eRkkumyhBJDqfX59I4+03Nc=",
        "owner": "BirdeeHub",
        "repo": "nixCats-nvim",
        "rev": "efdb65e68ab21484dcbbdaae112df64e1c44e3ff",
        "type": "github"
      },
      "original": {
        "owner": "BirdeeHub",
        "repo": "nixCats-nvim",
        "type": "github"
      }
    },
    "nixpkgs": {
      "locked": {
        "lastModified": 1758701979,
        "narHash": "sha256-c7DUti3XM1aga8oVgaPnrVmEeCFtN9PaBxyNuqx8jPc=",
        "owner": "nixos",
        "repo": "nixpkgs",
        "rev": "e2642aa7d5a15eae586932a56f4294934f959c14",
        "type": "github"
      },
      "original": {
        "owner": "nixos",
        "ref": "nixpkgs-unstable",
        "repo": "nixpkgs",
        "type": "github"
      }
    },
    "root": {
      "inputs": {
        "nixCats": "nixCats",
        "nixpkgs": "nixpkgs"
      }
    }
  },
  "root": "root",
  "version": 7
}
